<?xml version="1.0" encoding="utf-8"?>
<Project ToolsVersion="4.0" xmlns="http://schemas.microsoft.com/developer/msbuild/2003">
  <ItemGroup>
    <Filter Include="OS">
      <UniqueIdentifier>{C7745900-B300-880B-1CAF-880B085A880B}</UniqueIdentifier>
    </Filter>
    <Filter Include="UI">
      <UniqueIdentifier>{83755900-6F01-880B-D8AF-880BC45A880B}</UniqueIdentifier>
    </Filter>
    <Filter Include="UI\ImGui">
      <UniqueIdentifier>{EDC0F253-D98D-4D5F-02A7-3B07EED282ED}</UniqueIdentifier>
    </Filter>
    <Filter Include="events">
      <UniqueIdentifier>{5A9D08FC-463F-33D2-2FFA-46261B3BBA22}</UniqueIdentifier>
    </Filter>
  </ItemGroup>
  <ItemGroup>
    <ClInclude Include="src\Application.h" />
    <ClInclude Include="src\ExampleLayer.h" />
    <ClInclude Include="src\KeyCodes.h" />
    <ClInclude Include="src\Layer.h" />
    <ClInclude Include="src\LayerStack.h" />
    <ClInclude Include="src\OS\WindowsWindow.h">
      <Filter>OS</Filter>
    </ClInclude>
    <ClInclude Include="src\UI\ImGui\UIlayer.h">
      <Filter>UI\ImGui</Filter>
    </ClInclude>
    <ClInclude Include="src\Window.h" />
    <ClInclude Include="src\events\ApplicationEvents.h">
      <Filter>events</Filter>
    </ClInclude>
    <ClInclude Include="src\events\Event.h">
      <Filter>events</Filter>
    </ClInclude>
    <ClInclude Include="src\events\KeyEvent.h">
      <Filter>events</Filter>
    </ClInclude>
    <ClInclude Include="src\events\MouseEvent.h">
      <Filter>events</Filter>
    </ClInclude>
    <ClInclude Include="src\rfpch.h" />
    <ClInclude Include="src\UI\ImGui\Viewport2D.h" />
    <ClInclude Include="src\UI\ImGui\Viewport.h" />
    <ClInclude Include="src\UI\ImGui\Viewport3D.h" />
    <ClInclude Include="src\Renderer\OpenGL\Shader.h" />
    <ClInclude Include="src\Renderer\OpenGL\BufferManager.h" />
    <ClInclude Include="src\Renderer\OpenGL\VertexBuffer.h" />
    <ClInclude Include="src\Renderer\OpenGL\IndexBuffer.h" />
    <ClInclude Include="src\Renderer\OpenGL\VertexArray.h" />
    <ClInclude Include="src\Renderer\OpenGL\Texture.h" />
  </ItemGroup>
  <ItemGroup>
    <ClCompile Include="src\Application.cpp" />
    <ClCompile Include="src\Layer.cpp" />
    <ClCompile Include="src\LayerStack.cpp" />
    <ClCompile Include="src\OS\WindowsWindow.cpp">
      <Filter>OS</Filter>
    </ClCompile>
    <ClCompile Include="src\UI\ImGui\ImGuiBuild.cpp">
      <Filter>UI\ImGui</Filter>
    </ClCompile>
    <ClCompile Include="src\UI\ImGui\UIlayer.cpp">
      <Filter>UI\ImGui</Filter>
    </ClCompile>
    <ClCompile Include="src\main.cpp" />
    <ClCompile Include="src\rfpch.cpp" />
    <ClCompile Include="src\UI\ImGui\Viewport2D.cpp" />
    <ClCompile Include="src\UI\ImGui\Viewport3D.cpp" />
    <ClCompile Include="src\Renderer\OpenGL\Shader.cpp" />
    <ClCompile Include="src\Renderer\OpenGL\BufferManager.cpp" />
    <ClCompile Include="src\Renderer\OpenGL\VertexBuffer.cpp" />
    <ClCompile Include="src\Renderer\OpenGL\IndexBuffer.cpp" />
    <ClCompile Include="src\Renderer\OpenGL\VertexArray.cpp" />
    <ClCompile Include="src\Renderer\OpenGL\Texture.cpp" />
  </ItemGroup>
</Project>